
Microsoft Visual Studio Solution File, Format Version 12.00
# Visual Studio Version 16
VisualStudioVersion = 16.0.31105.61
MinimumVisualStudioVersion = 10.0.40219.1
Project("{FAE04EC0-301F-11D3-BF4B-00C04F79EFBC}") = "JellyBot", "JellyBot\JellyBot.csproj", "{5DE0B726-2861-49EE-B79A-6918EAE4AE03}"
EndProject
Global
	GlobalSection(SolutionConfigurationPlatforms) = preSolution
		Debug|Any CPU = Debug|Any CPU
		Release|Any CPU = Release|Any CPU
	EndGlobalSection
	GlobalSection(ProjectConfigurationPlatforms) = postSolution
		{5DE0B726-2861-49EE-B79A-6918EAE4AE03}.Debug|Any CPU.ActiveCfg = Debug|Any CPU
		{5DE0B726-2861-49EE-B79A-6918EAE4AE03}.Debug|Any CPU.Build.0 = Debug|Any CPU
		{5DE0B726-2861-49EE-B79A-6918EAE4AE03}.Release|Any CPU.ActiveCfg = Release|Any CPU
		{5DE0B726-2861-49EE-B79A-6918EAE4AE03}.Release|Any CPU.Build.0 = Release|Any CPU
	EndGlobalSection
	GlobalSection(SolutionProperties) = preSolution
		HideSolutionNode = FALSE
	EndGlobalSection
	GlobalSection(ExtensibilityGlobals) = postSolution
		SolutionGuid = {62EC2542-04E4-404C-9512-97F9582B8CC5}
	EndGlobalSection
EndGlobal
